github.com/fsnotify/fsnotify v1.9.0 h1:2Ml+OJNzbYCTzsxtv8vKSFD9PbJjmhYF14k/jKC7S9k=
github.com/fsnotify/fsnotify v1.9.0/go.mod h1:8jBTzvmWwFyi3Pb8djgCCO5IBqzKJ/Jwo8TRcHyHii0=
github.com/phuslu/log v1.0.117 h1:kyvRlP4ReYWEzmYKsHUNMeYGvmXDTdN3uA0xrNssZ54=
github.com/phuslu/log v1.0.117/go.mod h1:F8osGJADo5qLK/0F88djWwdyoZZ9xDJQL1HYRHFEkS0=
github.com/zhangyunhao116/fastrand v0.4.0 h1:86QB6Y+GGgLZRFRDCjMmAS28QULwspK9sgL5d1Bx3H4=
github.com/zhangyunhao116/fastrand v0.4.0/go.mod h1:vIyo6EyBhjGKpZv6qVlkPl4JVAklpMM4DSKzbAkMguA=
go4.org/netipx v0.0.0-20231129151722-fdeea329fbba h1:0b9z3AuHCjxk0x/opv64kcgZLBseWJUpBw5I82+2U4M=
go4.org/netipx v0.0.0-20231129151722-fdeea329fbba/go.mod h1:PLyyIXexvUFg3Owu6p/WfdlivPbZJsZdgWZlrGope/Y=
golang.org/x/sys v0.30.0 h1:QjkSwP/36a20jFYWkSue1YwXzLmsV5Gfq7Eiy72C1uc=
golang.org/x/sys v0.30.0/go.mod h1:/VUhepiaJMQUp4+oa/7Zr1D23ma6VTLIYjOOTFZPUcA=
