github.com/fsnotify/fsnotify v1.8.0 h1:dAwr6QBTBZIkG8roQaJjGof0pp0EeF+tNV7YBP3F/8M=
github.com/fsnotify/fsnotify v1.8.0/go.mod h1:8jBTzvmWwFyi3Pb8djgCCO5IBqzKJ/Jwo8TRcHyHii0=
github.com/phuslu/log v1.0.113 h1:Koq5A+8ourLX4vhkhW4HCJjo+jEtzMDhqvUUid/5m24=
github.com/phuslu/log v1.0.113/go.mod h1:F8osGJADo5qLK/0F88djWwdyoZZ9xDJQL1HYRHFEkS0=
github.com/zhangyunhao116/fastrand v0.4.0 h1:86QB6Y+GGgLZRFRDCjMmAS28QULwspK9sgL5d1Bx3H4=
github.com/zhangyunhao116/fastrand v0.4.0/go.mod h1:vIyo6EyBhjGKpZv6qVlkPl4JVAklpMM4DSKzbAkMguA=
go4.org/netipx v0.0.0-20231129151722-fdeea329fbba h1:0b9z3AuHCjxk0x/opv64kcgZLBseWJUpBw5I82+2U4M=
go4.org/netipx v0.0.0-20231129151722-fdeea329fbba/go.mod h1:PLyyIXexvUFg3Owu6p/WfdlivPbZJsZdgWZlrGope/Y=
golang.org/x/sys v0.27.0 h1:wBqf8DvsY9Y/2P8gAfPDEYNuS30J4lPHJxXSb/nJZ+s=
golang.org/x/sys v0.27.0/go.mod h1:/VUhepiaJMQUp4+oa/7Zr1D23ma6VTLIYjOOTFZPUcA=
